
Microsoft Visual Studio Solution File, Format Version 12.00
# Visual Studio Version 17
VisualStudioVersion = 17.6.33829.357
MinimumVisualStudioVersion = 10.0.40219.1
Project("{FAE04EC0-301F-11D3-BF4B-00C04F79EFBC}") = "TournamentManagementMVC", "TournamentManagementMVC\TournamentManagementMVC.csproj", "{2E48E022-FD3D-445D-83AF-35464836C695}"
EndProject
Project("{FAE04EC0-301F-11D3-BF4B-00C04F79EFBC}") = "TournamentManagementLogic", "TournamentManagementLogic\TournamentManagementLogic.csproj", "{C15EBDCF-4AF4-44DE-B947-3853AE6C04F5}"
EndProject
Global
	GlobalSection(SolutionConfigurationPlatforms) = preSolution
		Debug|Any CPU = Debug|Any CPU
		Release|Any CPU = Release|Any CPU
	EndGlobalSection
	GlobalSection(ProjectConfigurationPlatforms) = postSolution
		{2E48E022-FD3D-445D-83AF-35464836C695}.Debug|Any CPU.ActiveCfg = Debug|Any CPU
		{2E48E022-FD3D-445D-83AF-35464836C695}.Debug|Any CPU.Build.0 = Debug|Any CPU
		{2E48E022-FD3D-445D-83AF-35464836C695}.Release|Any CPU.ActiveCfg = Release|Any CPU
		{2E48E022-FD3D-445D-83AF-35464836C695}.Release|Any CPU.Build.0 = Release|Any CPU
		{C15EBDCF-4AF4-44DE-B947-3853AE6C04F5}.Debug|Any CPU.ActiveCfg = Debug|Any CPU
		{C15EBDCF-4AF4-44DE-B947-3853AE6C04F5}.Debug|Any CPU.Build.0 = Debug|Any CPU
		{C15EBDCF-4AF4-44DE-B947-3853AE6C04F5}.Release|Any CPU.ActiveCfg = Release|Any CPU
		{C15EBDCF-4AF4-44DE-B947-3853AE6C04F5}.Release|Any CPU.Build.0 = Release|Any CPU
	EndGlobalSection
	GlobalSection(SolutionProperties) = preSolution
		HideSolutionNode = FALSE
	EndGlobalSection
	GlobalSection(ExtensibilityGlobals) = postSolution
		SolutionGuid = {992CDB53-EAE1-42C8-A5E4-A90514810093}
	EndGlobalSection
EndGlobal
